
Microsoft Visual Studio Solution File, Format Version 12.00
# Visual Studio Version 16
VisualStudioVersion = 16.0.31321.278
MinimumVisualStudioVersion = 10.0.40219.1
Project("{9A19103F-16F7-4668-BE54-9A1E7A4F7556}") = "ItineroTest", "Location\ItineroTest.csproj", "{13D85F5B-AD83-4C9F-9E6A-49BDD40C9125}"
EndProject
Project("{9A19103F-16F7-4668-BE54-9A1E7A4F7556}") = "DadataLocation", "DadataLocation\DadataLocation.csproj", "{72F00776-C437-4406-AEC0-366B6A3143CC}"
EndProject
Project("{9A19103F-16F7-4668-BE54-9A1E7A4F7556}") = "Map", "Map\Map.csproj", "{1DA4CDDF-A204-4C81-89E3-911FF9DB8CFB}"
EndProject
Project("{9A19103F-16F7-4668-BE54-9A1E7A4F7556}") = "Clasterization", "Clasterization\Clasterization.csproj", "{3FA0132B-AAE3-4C25-93B1-648888FBCE8B}"
EndProject
Project("{9A19103F-16F7-4668-BE54-9A1E7A4F7556}") = "TaskWorker", "TaskWorker\TaskWorker.csproj", "{1D2367FE-6967-4280-9152-8AE61A42618F}"
EndProject
Project("{9A19103F-16F7-4668-BE54-9A1E7A4F7556}") = "DBDapper", "..\SignalR\WebSRTransport\DBDapper\DBDapper.csproj", "{FA671EA2-1AE8-4795-B344-11480AB05946}"
EndProject
Project("{9A19103F-16F7-4668-BE54-9A1E7A4F7556}") = "Test", "Test\Test.csproj", "{66FCE4F1-2DD0-413B-865F-0A81848E85FF}"
EndProject
Project("{FAE04EC0-301F-11D3-BF4B-00C04F79EFBC}") = "OsmSharpTest", "OsmSharp\OsmSharpTest.csproj", "{7A575C50-5115-4706-9D91-187C0E97F631}"
EndProject
Global
	GlobalSection(SolutionConfigurationPlatforms) = preSolution
		Debug|Any CPU = Debug|Any CPU
		Release|Any CPU = Release|Any CPU
	EndGlobalSection
	GlobalSection(ProjectConfigurationPlatforms) = postSolution
		{13D85F5B-AD83-4C9F-9E6A-49BDD40C9125}.Debug|Any CPU.ActiveCfg = Debug|Any CPU
		{13D85F5B-AD83-4C9F-9E6A-49BDD40C9125}.Debug|Any CPU.Build.0 = Debug|Any CPU
		{13D85F5B-AD83-4C9F-9E6A-49BDD40C9125}.Release|Any CPU.ActiveCfg = Release|Any CPU
		{13D85F5B-AD83-4C9F-9E6A-49BDD40C9125}.Release|Any CPU.Build.0 = Release|Any CPU
		{72F00776-C437-4406-AEC0-366B6A3143CC}.Debug|Any CPU.ActiveCfg = Debug|Any CPU
		{72F00776-C437-4406-AEC0-366B6A3143CC}.Debug|Any CPU.Build.0 = Debug|Any CPU
		{72F00776-C437-4406-AEC0-366B6A3143CC}.Release|Any CPU.ActiveCfg = Release|Any CPU
		{72F00776-C437-4406-AEC0-366B6A3143CC}.Release|Any CPU.Build.0 = Release|Any CPU
		{1DA4CDDF-A204-4C81-89E3-911FF9DB8CFB}.Debug|Any CPU.ActiveCfg = Debug|Any CPU
		{1DA4CDDF-A204-4C81-89E3-911FF9DB8CFB}.Debug|Any CPU.Build.0 = Debug|Any CPU
		{1DA4CDDF-A204-4C81-89E3-911FF9DB8CFB}.Release|Any CPU.ActiveCfg = Release|Any CPU
		{1DA4CDDF-A204-4C81-89E3-911FF9DB8CFB}.Release|Any CPU.Build.0 = Release|Any CPU
		{3FA0132B-AAE3-4C25-93B1-648888FBCE8B}.Debug|Any CPU.ActiveCfg = Debug|Any CPU
		{3FA0132B-AAE3-4C25-93B1-648888FBCE8B}.Debug|Any CPU.Build.0 = Debug|Any CPU
		{3FA0132B-AAE3-4C25-93B1-648888FBCE8B}.Release|Any CPU.ActiveCfg = Release|Any CPU
		{3FA0132B-AAE3-4C25-93B1-648888FBCE8B}.Release|Any CPU.Build.0 = Release|Any CPU
		{1D2367FE-6967-4280-9152-8AE61A42618F}.Debug|Any CPU.ActiveCfg = Debug|Any CPU
		{1D2367FE-6967-4280-9152-8AE61A42618F}.Debug|Any CPU.Build.0 = Debug|Any CPU
		{1D2367FE-6967-4280-9152-8AE61A42618F}.Release|Any CPU.ActiveCfg = Release|Any CPU
		{1D2367FE-6967-4280-9152-8AE61A42618F}.Release|Any CPU.Build.0 = Release|Any CPU
		{FA671EA2-1AE8-4795-B344-11480AB05946}.Debug|Any CPU.ActiveCfg = Debug|Any CPU
		{FA671EA2-1AE8-4795-B344-11480AB05946}.Debug|Any CPU.Build.0 = Debug|Any CPU
		{FA671EA2-1AE8-4795-B344-11480AB05946}.Release|Any CPU.ActiveCfg = Release|Any CPU
		{FA671EA2-1AE8-4795-B344-11480AB05946}.Release|Any CPU.Build.0 = Release|Any CPU
		{66FCE4F1-2DD0-413B-865F-0A81848E85FF}.Debug|Any CPU.ActiveCfg = Debug|Any CPU
		{66FCE4F1-2DD0-413B-865F-0A81848E85FF}.Debug|Any CPU.Build.0 = Debug|Any CPU
		{66FCE4F1-2DD0-413B-865F-0A81848E85FF}.Release|Any CPU.ActiveCfg = Release|Any CPU
		{66FCE4F1-2DD0-413B-865F-0A81848E85FF}.Release|Any CPU.Build.0 = Release|Any CPU
		{7A575C50-5115-4706-9D91-187C0E97F631}.Debug|Any CPU.ActiveCfg = Debug|Any CPU
		{7A575C50-5115-4706-9D91-187C0E97F631}.Debug|Any CPU.Build.0 = Debug|Any CPU
		{7A575C50-5115-4706-9D91-187C0E97F631}.Release|Any CPU.ActiveCfg = Release|Any CPU
		{7A575C50-5115-4706-9D91-187C0E97F631}.Release|Any CPU.Build.0 = Release|Any CPU
	EndGlobalSection
	GlobalSection(SolutionProperties) = preSolution
		HideSolutionNode = FALSE
	EndGlobalSection
	GlobalSection(ExtensibilityGlobals) = postSolution
		SolutionGuid = {F40B9C6A-B2BE-4B08-8634-E556967433AD}
	EndGlobalSection
EndGlobal
